// !$*UTF8*$!
{
	archiveVersion = 1;
	classes = {
	};
	objectVersion = 56;
	objects = {

/* Begin PBXBuildFile section */
		221E216B2F699FCA00B55ED8 /* Graphique.swift in Sources */ = {isa = PBXBuildFile; fileRef = 221E216A2F699FCA00B55ED8 /* Graphique.swift */; };
		22CCFB702F6D484F003FE2B5 /* GraphView.swift in Sources */ = {isa = PBXBuildFile; fileRef = 22CCFB6F2F6D484F003FE2B5 /* GraphView.swift */; };
		22E4077E2F6AAC6500BC3271 /* AjouterEvenementViewController.swift in Sources */ = {isa = PBXBuildFile; fileRef = 22E4077D2F6AAC6500BC3271 /* AjouterEvenementViewController.swift */; };
		C111F9A62F718B7E00A5AC74 /* MealCell.swift in Sources */ = {isa = PBXBuildFile; fileRef = C111F9A52F718B7E00A5AC74 /* MealCell.swift */; };
		C15550E72F54B987007287B1 /* AppDelegate.swift in Sources */ = {isa = PBXBuildFile; fileRef = C15550E62F54B987007287B1 /* AppDelegate.swift */; };
		C15550E92F54B987007287B1 /* SceneDelegate.swift in Sources */ = {isa = PBXBuildFile; fileRef = C15550E82F54B987007287B1 /* SceneDelegate.swift */; };
		C15550EB2F54B987007287B1 /* ViewController.swift in Sources */ = {isa = PBXBuildFile; fileRef = C15550EA2F54B987007287B1 /* ViewController.swift */; };
		C15550EE2F54B987007287B1 /* Main.storyboard in Resources */ = {isa = PBXBuildFile; fileRef = C15550EC2F54B987007287B1 /* Main.storyboard */; };
		C15550F02F54B98B007287B1 /* Assets.xcassets in Resources */ = {isa = PBXBuildFile; fileRef = C15550EF2F54B98B007287B1 /* Assets.xcassets */; };
		C15550F32F54B98B007287B1 /* LaunchScreen.storyboard in Resources */ = {isa = PBXBuildFile; fileRef = C15550F12F54B98B007287B1 /* LaunchScreen.storyboard */; };
		C15550FB2F54B9F9007287B1 /* DexcomModels.swift in Sources */ = {isa = PBXBuildFile; fileRef = C15550FA2F54B9F9007287B1 /* DexcomModels.swift */; };
/* End PBXBuildFile section */

/* Begin PBXFileReference section */
		221E216A2F699FCA00B55ED8 /* Graphique.swift */ = {isa = PBXFileReference; lastKnownFileType = sourcecode.swift; path = Graphique.swift; sourceTree = "<group>"; };
		22CCFB6F2F6D484F003FE2B5 /* GraphView.swift */ = {isa = PBXFileReference; lastKnownFileType = sourcecode.swift; path = GraphView.swift; sourceTree = "<group>"; };
		22E4077D2F6AAC6500BC3271 /* AjouterEvenementViewController.swift */ = {isa = PBXFileReference; lastKnownFileType = sourcecode.swift; path = AjouterEvenementViewController.swift; sourceTree = "<group>"; };
		C111F9A52F718B7E00A5AC74 /* MealCell.swift */ = {isa = PBXFileReference; lastKnownFileType = sourcecode.swift; path = MealCell.swift; sourceTree = "<group>"; };
		C15550E32F54B987007287B1 /* BonSang.app */ = {isa = PBXFileReference; explicitFileType = wrapper.application; includeInIndex = 0; path = BonSang.app; sourceTree = BUILT_PRODUCTS_DIR; };
		C15550E62F54B987007287B1 /* AppDelegate.swift */ = {isa = PBXFileReference; lastKnownFileType = sourcecode.swift; path = AppDelegate.swift; sourceTree = "<group>"; };
		C15550E82F54B987007287B1 /* SceneDelegate.swift */ = {isa = PBXFileReference; lastKnownFileType = sourcecode.swift; path = SceneDelegate.swift; sourceTree = "<group>"; };
		C15550EA2F54B987007287B1 /* ViewController.swift */ = {isa = PBXFileReference; lastKnownFileType = sourcecode.swift; path = ViewController.swift; sourceTree = "<group>"; };
		C15550ED2F54B987007287B1 /* Base */ = {isa = PBXFileReference; lastKnownFileType = file.storyboard; name = Base; path = Base.lproj/Main.storyboard; sourceTree = "<group>"; };
		C15550EF2F54B98B007287B1 /* Assets.xcassets */ = {isa = PBXFileReference; lastKnownFileType = folder.assetcatalog; path = Assets.xcassets; sourceTree = "<group>"; };
		C15550F22F54B98B007287B1 /* Base */ = {isa = PBXFileReference; lastKnownFileType = file.storyboard; name = Base; path = Base.lproj/LaunchScreen.storyboard; sourceTree = "<group>"; };
		C15550F42F54B98B007287B1 /* Info.plist */ = {isa = PBXFileReference; lastKnownFileType = text.plist.xml; path = Info.plist; sourceTree = "<group>"; };
		C15550FA2F54B9F9007287B1 /* DexcomModels.swift */ = {isa = PBXFileReference; lastKnownFileType = sourcecode.swift; path = DexcomModels.swift; sourceTree = "<group>"; };
/* End PBXFileReference section */

/* Begin PBXFrameworksBuildPhase section */
		C15550E02F54B987007287B1 /* Frameworks */ = {
			isa = PBXFrameworksBuildPhase;
			buildActionMask = 2147483647;
			files = (
			);
			runOnlyForDeploymentPostprocessing = 0;
		};
/* End PBXFrameworksBuildPhase section */

/* Begin PBXGroup section */
		C15550DA2F54B986007287B1 = {
			isa = PBXGroup;
			children = (
				C15550FA2F54B9F9007287B1 /* DexcomModels.swift */,
				C15550E52F54B987007287B1 /* BonSang */,
				C15550E42F54B987007287B1 /* Products */,
			);
			sourceTree = "<group>";
		};
		C15550E42F54B987007287B1 /* Products */ = {
			isa = PBXGroup;
			children = (
				C15550E32F54B987007287B1 /* BonSang.app */,
			);
			name = Products;
			sourceTree = "<group>";
		};
		C15550E52F54B987007287B1 /* BonSang */ = {
			isa = PBXGroup;
			children = (
				C111F9A52F718B7E00A5AC74 /* MealCell.swift */,
				C15550E62F54B987007287B1 /* AppDelegate.swift */,
				C15550E82F54B987007287B1 /* SceneDelegate.swift */,
				C15550EA2F54B987007287B1 /* ViewController.swift */,
				22CCFB6F2F6D484F003FE2B5 /* GraphView.swift */,
				C15550EC2F54B987007287B1 /* Main.storyboard */,
				22E4077D2F6AAC6500BC3271 /* AjouterEvenementViewController.swift */,
				221E216A2F699FCA00B55ED8 /* Graphique.swift */,
				C15550EF2F54B98B007287B1 /* Assets.xcassets */,
				C15550F12F54B98B007287B1 /* LaunchScreen.storyboard */,
				C15550F42F54B98B007287B1 /* Info.plist */,
			);
			path = BonSang;
			sourceTree = "<group>";
		};
/* End PBXGroup section */

/* Begin PBXNativeTarget section */
		C15550E22F54B987007287B1 /* BonSang */ = {
			isa = PBXNativeTarget;
			buildConfigurationList = C15550F72F54B98B007287B1 /* Build configuration list for PBXNativeTarget "BonSang" */;
			buildPhases = (
				C15550DF2F54B987007287B1 /* Sources */,
				C15550E02F54B987007287B1 /* Frameworks */,
				C15550E12F54B987007287B1 /* Resources */,
			);
			buildRules = (
			);
			dependencies = (
			);
			name = BonSang;
			productName = BonSang;
			productReference = C15550E32F54B987007287B1 /* BonSang.app */;
			productType = "com.apple.product-type.application";
		};
/* End PBXNativeTarget section */

/* Begin PBXProject section */
		C15550DB2F54B986007287B1 /* Project object */ = {
			isa = PBXProject;
			attributes = {
				BuildIndependentTargetsInParallel = 1;
				LastSwiftUpdateCheck = 1520;
				LastUpgradeCheck = 1520;
				TargetAttributes = {
					C15550E22F54B987007287B1 = {
						CreatedOnToolsVersion = 15.2;
					};
				};
			};
			buildConfigurationList = C15550DE2F54B987007287B1 /* Build configuration list for PBXProject "BonSang" */;
			compatibilityVersion = "Xcode 14.0";
			developmentRegion = en;
			hasScannedForEncodings = 0;
			knownRegions = (
				en,
				Base,
			);
			mainGroup = C15550DA2F54B986007287B1;
			productRefGroup = C15550E42F54B987007287B1 /* Products */;
			projectDirPath = "";
			projectRoot = "";
			targets = (
				C15550E22F54B987007287B1 /* BonSang */,
			);
		};
/* End PBXProject section */

/* Begin PBXResourcesBuildPhase section */
		C15550E12F54B987007287B1 /* Resources */ = {
			isa = PBXResourcesBuildPhase;
			buildActionMask = 2147483647;
			files = (
				C15550F32F54B98B007287B1 /* LaunchScreen.storyboard in Resources */,
				C15550F02F54B98B007287B1 /* Assets.xcassets in Resources */,
				C15550EE2F54B987007287B1 /* Main.storyboard in Resources */,
			);
			runOnlyForDeploymentPostprocessing = 0;
		};
/* End PBXResourcesBuildPhase section */

/* Begin PBXSourcesBuildPhase section */
		C15550DF2F54B987007287B1 /* Sources */ = {
			isa = PBXSourcesBuildPhase;
			buildActionMask = 2147483647;
			files = (
				C111F9A62F718B7E00A5AC74 /* MealCell.swift in Sources */,
				C15550EB2F54B987007287B1 /* ViewController.swift in Sources */,
				22E4077E2F6AAC6500BC3271 /* AjouterEvenementViewController.swift in Sources */,
				22CCFB702F6D484F003FE2B5 /* GraphView.swift in Sources */,
				C15550FB2F54B9F9007287B1 /* DexcomModels.swift in Sources */,
				C15550E72F54B987007287B1 /* AppDelegate.swift in Sources */,
				221E216B2F699FCA00B55ED8 /* Graphique.swift in Sources */,
				C15550E92F54B987007287B1 /* SceneDelegate.swift in Sources */,
			);
			runOnlyForDeploymentPostprocessing = 0;
		};
/* End PBXSourcesBuildPhase section */

/* Begin PBXVariantGroup section */
		C15550EC2F54B987007287B1 /* Main.storyboard */ = {
			isa = PBXVariantGroup;
			children = (
				C15550ED2F54B987007287B1 /* Base */,
			);
			name = Main.storyboard;
			sourceTree = "<group>";
		};
		C15550F12F54B98B007287B1 /* LaunchScreen.storyboard */ = {
			isa = PBXVariantGroup;
			children = (
				C15550F22F54B98B007287B1 /* Base */,
			);
			name = LaunchScreen.storyboard;
			sourceTree = "<group>";
		};
/* End PBXVariantGroup section */

/* Begin XCBuildConfiguration section */
		C15550F52F54B98B007287B1 /* Debug */ = {
			isa = XCBuildConfiguration;
			buildSettings = {
				ALWAYS_SEARCH_USER_PATHS = NO;
				ASSETCATALOG_COMPILER_GENERATE_SWIFT_ASSET_SYMBOL_EXTENSIONS = YES;
				CLANG_ANALYZER_NONNULL = YES;
				CLANG_ANALYZER_NUMBER_OBJECT_CONVERSION = YES_AGGRESSIVE;
				CLANG_CXX_LANGUAGE_STANDARD = "gnu++20";
				CLANG_ENABLE_MODULES = YES;
				CLANG_ENABLE_OBJC_ARC = YES;
				CLANG_ENABLE_OBJC_WEAK = YES;
				CLANG_WARN_BLOCK_CAPTURE_AUTORELEASING = YES;
				CLANG_WARN_BOOL_CONVERSION = YES;
				CLANG_WARN_COMMA = YES;
				CLANG_WARN_CONSTANT_CONVERSION = YES;
				CLANG_WARN_DEPRECATED_OBJC_IMPLEMENTATIONS = YES;
				CLANG_WARN_DIRECT_OBJC_ISA_USAGE = YES_ERROR;
				CLANG_WARN_DOCUMENTATION_COMMENTS = YES;
				CLANG_WARN_EMPTY_BODY = YES;
				CLANG_WARN_ENUM_CONVERSION = YES;
				CLANG_WARN_INFINITE_RECURSION = YES;
				CLANG_WARN_INT_CONVERSION = YES;
				CLANG_WARN_NON_LITERAL_NULL_CONVERSION = YES;
				CLANG_WARN_OBJC_IMPLICIT_RETAIN_SELF = YES;
				CLANG_WARN_OBJC_LITERAL_CONVERSION = YES;
				CLANG_WARN_OBJC_ROOT_CLASS = YES_ERROR;
				CLANG_WARN_QUOTED_INCLUDE_IN_FRAMEWORK_HEADER = YES;
				CLANG_WARN_RANGE_LOOP_ANALYSIS = YES;
				CLANG_WARN_STRICT_PROTOTYPES = YES;
				CLANG_WARN_SUSPICIOUS_MOVE = YES;
				CLANG_WARN_UNGUARDED_AVAILABILITY = YES_AGGRESSIVE;
				CLANG_WARN_UNREACHABLE_CODE = YES;
				CLANG_WARN__DUPLICATE_METHOD_MATCH = YES;
				COPY_PHASE_STRIP = NO;
				DEBUG_INFORMATION_FORMAT = dwarf;
				ENABLE_STRICT_OBJC_MSGSEND = YES;
				ENABLE_TESTABILITY = YES;
				ENABLE_USER_SCRIPT_SANDBOXING = YES;
				GCC_C_LANGUAGE_STANDARD = gnu17;
				GCC_DYNAMIC_NO_PIC = NO;
				GCC_NO_COMMON_BLOCKS = YES;
				GCC_OPTIMIZATION_LEVEL = 0;
				GCC_PREPROCESSOR_DEFINITIONS = (
					"DEBUG=1",
					"$(inherited)",
				);
				GCC_WARN_64_TO_32_BIT_CONVERSION = YES;
				GCC_WARN_ABOUT_RETURN_TYPE = YES_ERROR;
				GCC_WARN_UNDECLARED_SELECTOR = YES;
				GCC_WARN_UNINITIALIZED_AUTOS = YES_AGGRESSIVE;
				GCC_WARN_UNUSED_FUNCTION = YES;
				GCC_WARN_UNUSED_VARIABLE = YES;
				IPHONEOS_DEPLOYMENT_TARGET = 17.2;
				LOCALIZATION_PREFERS_STRING_CATALOGS = YES;
				MTL_ENABLE_DEBUG_INFO = INCLUDE_SOURCE;
				MTL_FAST_MATH = YES;
				ONLY_ACTIVE_ARCH = YES;
				SDKROOT = iphoneos;
				SWIFT_ACTIVE_COMPILATION_CONDITIONS = "DEBUG $(inherited)";
				SWIFT_OPTIMIZATION_LEVEL = "-Onone";
			};
			name = Debug;
		};
		C15550F62F54B98B007287B1 /* Release */ = {
			isa = XCBuildConfiguration;
			buildSettings = {
				ALWAYS_SEARCH_USER_PATHS = NO;
				ASSETCATALOG_COMPILER_GENERATE_SWIFT_ASSET_SYMBOL_EXTENSIONS = YES;
				CLANG_ANALYZER_NONNULL = YES;
				CLANG_ANALYZER_NUMBER_OBJECT_CONVERSION = YES_AGGRESSIVE;
				CLANG_CXX_LANGUAGE_STANDARD = "gnu++20";
				CLANG_ENABLE_MODULES = YES;
				CLANG_ENABLE_OBJC_ARC = YES;
				CLANG_ENABLE_OBJC_WEAK = YES;
				CLANG_WARN_BLOCK_CAPTURE_AUTORELEASING = YES;
				CLANG_WARN_BOOL_CONVERSION = YES;
				CLANG_WARN_COMMA = YES;
				CLANG_WARN_CONSTANT_CONVERSION = YES;
				CLANG_WARN_DEPRECATED_OBJC_IMPLEMENTATIONS = YES;
				CLANG_WARN_DIRECT_OBJC_ISA_USAGE = YES_ERROR;
				CLANG_WARN_DOCUMENTATION_COMMENTS = YES;
				CLANG_WARN_EMPTY_BODY = YES;
				CLANG_WARN_ENUM_CONVERSION = YES;
				CLANG_WARN_INFINITE_RECURSION = YES;
				CLANG_WARN_INT_CONVERSION = YES;
				CLANG_WARN_NON_LITERAL_NULL_CONVERSION = YES;
				CLANG_WARN_OBJC_IMPLICIT_RETAIN_SELF = YES;
				CLANG_WARN_OBJC_LITERAL_CONVERSION = YES;
				CLANG_WARN_OBJC_ROOT_CLASS = YES_ERROR;
				CLANG_WARN_QUOTED_INCLUDE_IN_FRAMEWORK_HEADER = YES;
				CLANG_WARN_RANGE_LOOP_ANALYSIS = YES;
				CLANG_WARN_STRICT_PROTOTYPES = YES;
				CLANG_WARN_SUSPICIOUS_MOVE = YES;
				CLANG_WARN_UNGUARDED_AVAILABILITY = YES_AGGRESSIVE;
				CLANG_WARN_UNREACHABLE_CODE = YES;
				CLANG_WARN__DUPLICATE_METHOD_MATCH = YES;
				COPY_PHASE_STRIP = NO;
				DEBUG_INFORMATION_FORMAT = "dwarf-with-dsym";
				ENABLE_NS_ASSERTIONS = NO;
				ENABLE_STRICT_OBJC_MSGSEND = YES;
				ENABLE_USER_SCRIPT_SANDBOXING = YES;
				GCC_C_LANGUAGE_STANDARD = gnu17;
				GCC_NO_COMMON_BLOCKS = YES;
				GCC_WARN_64_TO_32_BIT_CONVERSION = YES;
				GCC_WARN_ABOUT_RETURN_TYPE = YES_ERROR;
				GCC_WARN_UNDECLARED_SELECTOR = YES;
				GCC_WARN_UNINITIALIZED_AUTOS = YES_AGGRESSIVE;
				GCC_WARN_UNUSED_FUNCTION = YES;
				GCC_WARN_UNUSED_VARIABLE = YES;
				IPHONEOS_DEPLOYMENT_TARGET = 17.2;
				LOCALIZATION_PREFERS_STRING_CATALOGS = YES;
				MTL_ENABLE_DEBUG_INFO = NO;
				MTL_FAST_MATH = YES;
				SDKROOT = iphoneos;
				SWIFT_COMPILATION_MODE = wholemodule;
				VALIDATE_PRODUCT = YES;
			};
			name = Release;
		};
		C15550F82F54B98B007287B1 /* Debug */ = {
			isa = XCBuildConfiguration;
			buildSettings = {
				ASSETCATALOG_COMPILER_APPICON_NAME = AppIcon;
				ASSETCATALOG_COMPILER_GLOBAL_ACCENT_COLOR_NAME = AccentColor;
				CODE_SIGN_STYLE = Automatic;
				CURRENT_PROJECT_VERSION = 1;
				DEVELOPMENT_TEAM = URDULFVQ6T;
				GENERATE_INFOPLIST_FILE = YES;
				INFOPLIST_FILE = BonSang/Info.plist;
				INFOPLIST_KEY_UIApplicationSupportsIndirectInputEvents = YES;
				INFOPLIST_KEY_UILaunchStoryboardName = LaunchScreen;
				INFOPLIST_KEY_UIMainStoryboardFile = Main;
				INFOPLIST_KEY_UISupportedInterfaceOrientations_iPad = "UIInterfaceOrientationPortrait UIInterfaceOrientationPortraitUpsideDown UIInterfaceOrientationLandscapeLeft UIInterfaceOrientationLandscapeRight";
				INFOPLIST_KEY_UISupportedInterfaceOrientations_iPhone = "UIInterfaceOrientationPortrait UIInterfaceOrientationLandscapeLeft UIInterfaceOrientationLandscapeRight";
				LD_RUNPATH_SEARCH_PATHS = (
					"$(inherited)",
					"@executable_path/Frameworks",
				);
				MARKETING_VERSION = 1.0;
				PRODUCT_BUNDLE_IDENTIFIER = "eoin.brereton-hurley-univ-lyon2.fr.BonSang";
				PRODUCT_NAME = "$(TARGET_NAME)";
				SWIFT_EMIT_LOC_STRINGS = YES;
				SWIFT_VERSION = 5.0;
				TARGETED_DEVICE_FAMILY = "1,2";
			};
			name = Debug;
		};
		C15550F92F54B98B007287B1 /* Release */ = {
			isa = XCBuildConfiguration;
			buildSettings = {
				ASSETCATALOG_COMPILER_APPICON_NAME = AppIcon;
				ASSETCATALOG_COMPILER_GLOBAL_ACCENT_COLOR_NAME = AccentColor;
				CODE_SIGN_STYLE = Automatic;
				CURRENT_PROJECT_VERSION = 1;
				DEVELOPMENT_TEAM = URDULFVQ6T;
				GENERATE_INFOPLIST_FILE = YES;
				INFOPLIST_FILE = BonSang/Info.plist;
				INFOPLIST_KEY_UIApplicationSupportsIndirectInputEvents = YES;
				INFOPLIST_KEY_UILaunchStoryboardName = LaunchScreen;
				INFOPLIST_KEY_UIMainStoryboardFile = Main;
				INFOPLIST_KEY_UISupportedInterfaceOrientations_iPad = "UIInterfaceOrientationPortrait UIInterfaceOrientationPortraitUpsideDown UIInterfaceOrientationLandscapeLeft UIInterfaceOrientationLandscapeRight";
				INFOPLIST_KEY_UISupportedInterfaceOrientations_iPhone = "UIInterfaceOrientationPortrait UIInterfaceOrientationLandscapeLeft UIInterfaceOrientationLandscapeRight";
				LD_RUNPATH_SEARCH_PATHS = (
					"$(inherited)",
					"@executable_path/Frameworks",
				);
				MARKETING_VERSION = 1.0;
				PRODUCT_BUNDLE_IDENTIFIER = "eoin.brereton-hurley-univ-lyon2.fr.BonSang";
				PRODUCT_NAME = "$(TARGET_NAME)";
				SWIFT_EMIT_LOC_STRINGS = YES;
				SWIFT_VERSION = 5.0;
				TARGETED_DEVICE_FAMILY = "1,2";
			};
			name = Release;
		};
/* End XCBuildConfiguration section */

/* Begin XCConfigurationList section */
		C15550DE2F54B987007287B1 /* Build configuration list for PBXProject "BonSang" */ = {
			isa = XCConfigurationList;
			buildConfigurations = (
				C15550F52F54B98B007287B1 /* Debug */,
				C15550F62F54B98B007287B1 /* Release */,
			);
			defaultConfigurationIsVisible = 0;
			defaultConfigurationName = Release;
		};
		C15550F72F54B98B007287B1 /* Build configuration list for PBXNativeTarget "BonSang" */ = {
			isa = XCConfigurationList;
			buildConfigurations = (
				C15550F82F54B98B007287B1 /* Debug */,
				C15550F92F54B98B007287B1 /* Release */,
			);
			defaultConfigurationIsVisible = 0;
			defaultConfigurationName = Release;
		};
/* End XCConfigurationList section */
	};
	rootObject = C15550DB2F54B986007287B1 /* Project object */;
}
